// !$*UTF8*$!
{
	archiveVersion = 1;
	classes = {
	};
	objectVersion = 55;
	objects = {

/* Begin PBXBuildFile section */
		4204663928D8986800F3DCBD /* ChatViewController.swift in Sources */ = {isa = PBXBuildFile; fileRef = 4204663828D8986800F3DCBD /* ChatViewController.swift */; };
		421257D528CF769700E1E8EA /* AppDelegate.swift in Sources */ = {isa = PBXBuildFile; fileRef = 421257D428CF769700E1E8EA /* AppDelegate.swift */; };
		421257D728CF769700E1E8EA /* SceneDelegate.swift in Sources */ = {isa = PBXBuildFile; fileRef = 421257D628CF769700E1E8EA /* SceneDelegate.swift */; };
		421257D928CF769700E1E8EA /* ConverstationsViewController.swift in Sources */ = {isa = PBXBuildFile; fileRef = 421257D828CF769700E1E8EA /* ConverstationsViewController.swift */; };
		421257DC28CF769700E1E8EA /* Main.storyboard in Resources */ = {isa = PBXBuildFile; fileRef = 421257DA28CF769700E1E8EA /* Main.storyboard */; };
		421257DE28CF769800E1E8EA /* Assets.xcassets in Resources */ = {isa = PBXBuildFile; fileRef = 421257DD28CF769800E1E8EA /* Assets.xcassets */; };
		421257E128CF769800E1E8EA /* LaunchScreen.storyboard in Resources */ = {isa = PBXBuildFile; fileRef = 421257DF28CF769800E1E8EA /* LaunchScreen.storyboard */; };
		421257EF28CF794200E1E8EA /* LoginViewController.swift in Sources */ = {isa = PBXBuildFile; fileRef = 421257EE28CF794200E1E8EA /* LoginViewController.swift */; };
		421257F128CF794800E1E8EA /* RegisterViewController.swift in Sources */ = {isa = PBXBuildFile; fileRef = 421257F028CF794800E1E8EA /* RegisterViewController.swift */; };
		421257F328CF796900E1E8EA /* PhotoViewerViewController.swift in Sources */ = {isa = PBXBuildFile; fileRef = 421257F228CF796900E1E8EA /* PhotoViewerViewController.swift */; };
		421257F528CF797800E1E8EA /* VideoPlayerViewController.swift in Sources */ = {isa = PBXBuildFile; fileRef = 421257F428CF797800E1E8EA /* VideoPlayerViewController.swift */; };
		421257F728CF79A000E1E8EA /* NewConversationViewController.swift in Sources */ = {isa = PBXBuildFile; fileRef = 421257F628CF79A000E1E8EA /* NewConversationViewController.swift */; };
		421257F928CF79B700E1E8EA /* ProfileViewController.swift in Sources */ = {isa = PBXBuildFile; fileRef = 421257F828CF79B700E1E8EA /* ProfileViewController.swift */; };
		421257FC28CF813900E1E8EA /* Extensions.swift in Sources */ = {isa = PBXBuildFile; fileRef = 421257FB28CF813900E1E8EA /* Extensions.swift */; };
		422218AD28D99D64006455FC /* StorageManager.swift in Sources */ = {isa = PBXBuildFile; fileRef = 422218AC28D99D64006455FC /* StorageManager.swift */; };
		42B58F2528D4720C002289EE /* GoogleService-Info.plist in Resources */ = {isa = PBXBuildFile; fileRef = 42B58F2428D4720C002289EE /* GoogleService-Info.plist */; };
		42B58F2728D475DF002289EE /* DatabaseManager.swift in Sources */ = {isa = PBXBuildFile; fileRef = 42B58F2628D475DF002289EE /* DatabaseManager.swift */; };
		ABE9807710B73DC44A7CC93C /* Pods_Messenger.framework in Frameworks */ = {isa = PBXBuildFile; fileRef = 686C77D0377AC26F411589AE /* Pods_Messenger.framework */; };
/* End PBXBuildFile section */

/* Begin PBXFileReference section */
		10A286C68D97C9CBD3734DC4 /* Pods-Messenger.release.xcconfig */ = {isa = PBXFileReference; includeInIndex = 1; lastKnownFileType = text.xcconfig; name = "Pods-Messenger.release.xcconfig"; path = "Target Support Files/Pods-Messenger/Pods-Messenger.release.xcconfig"; sourceTree = "<group>"; };
		4204663828D8986800F3DCBD /* ChatViewController.swift */ = {isa = PBXFileReference; lastKnownFileType = sourcecode.swift; path = ChatViewController.swift; sourceTree = "<group>"; };
		421257D128CF769700E1E8EA /* Messenger.app */ = {isa = PBXFileReference; explicitFileType = wrapper.application; includeInIndex = 0; path = Messenger.app; sourceTree = BUILT_PRODUCTS_DIR; };
		421257D428CF769700E1E8EA /* AppDelegate.swift */ = {isa = PBXFileReference; lastKnownFileType = sourcecode.swift; path = AppDelegate.swift; sourceTree = "<group>"; };
		421257D628CF769700E1E8EA /* SceneDelegate.swift */ = {isa = PBXFileReference; lastKnownFileType = sourcecode.swift; path = SceneDelegate.swift; sourceTree = "<group>"; };
		421257D828CF769700E1E8EA /* ConverstationsViewController.swift */ = {isa = PBXFileReference; lastKnownFileType = sourcecode.swift; path = ConverstationsViewController.swift; sourceTree = "<group>"; };
		421257DB28CF769700E1E8EA /* Base */ = {isa = PBXFileReference; lastKnownFileType = file.storyboard; name = Base; path = Base.lproj/Main.storyboard; sourceTree = "<group>"; };
		421257DD28CF769800E1E8EA /* Assets.xcassets */ = {isa = PBXFileReference; lastKnownFileType = folder.assetcatalog; path = Assets.xcassets; sourceTree = "<group>"; };
		421257E028CF769800E1E8EA /* Base */ = {isa = PBXFileReference; lastKnownFileType = file.storyboard; name = Base; path = Base.lproj/LaunchScreen.storyboard; sourceTree = "<group>"; };
		421257E228CF769800E1E8EA /* Info.plist */ = {isa = PBXFileReference; lastKnownFileType = text.plist.xml; path = Info.plist; sourceTree = "<group>"; };
		421257EE28CF794200E1E8EA /* LoginViewController.swift */ = {isa = PBXFileReference; lastKnownFileType = sourcecode.swift; path = LoginViewController.swift; sourceTree = "<group>"; };
		421257F028CF794800E1E8EA /* RegisterViewController.swift */ = {isa = PBXFileReference; lastKnownFileType = sourcecode.swift; path = RegisterViewController.swift; sourceTree = "<group>"; };
		421257F228CF796900E1E8EA /* PhotoViewerViewController.swift */ = {isa = PBXFileReference; lastKnownFileType = sourcecode.swift; path = PhotoViewerViewController.swift; sourceTree = "<group>"; };
		421257F428CF797800E1E8EA /* VideoPlayerViewController.swift */ = {isa = PBXFileReference; lastKnownFileType = sourcecode.swift; path = VideoPlayerViewController.swift; sourceTree = "<group>"; };
		421257F628CF79A000E1E8EA /* NewConversationViewController.swift */ = {isa = PBXFileReference; lastKnownFileType = sourcecode.swift; path = NewConversationViewController.swift; sourceTree = "<group>"; };
		421257F828CF79B700E1E8EA /* ProfileViewController.swift */ = {isa = PBXFileReference; lastKnownFileType = sourcecode.swift; path = ProfileViewController.swift; sourceTree = "<group>"; };
		421257FB28CF813900E1E8EA /* Extensions.swift */ = {isa = PBXFileReference; lastKnownFileType = sourcecode.swift; path = Extensions.swift; sourceTree = "<group>"; };
		422218AC28D99D64006455FC /* StorageManager.swift */ = {isa = PBXFileReference; lastKnownFileType = sourcecode.swift; path = StorageManager.swift; sourceTree = "<group>"; };
		4289A2EA28D4DBC8006B02A0 /* Messenger.entitlements */ = {isa = PBXFileReference; lastKnownFileType = text.plist.entitlements; path = Messenger.entitlements; sourceTree = "<group>"; };
		42B58F2428D4720C002289EE /* GoogleService-Info.plist */ = {isa = PBXFileReference; fileEncoding = 4; lastKnownFileType = text.plist.xml; path = "GoogleService-Info.plist"; sourceTree = "<group>"; };
		42B58F2628D475DF002289EE /* DatabaseManager.swift */ = {isa = PBXFileReference; lastKnownFileType = sourcecode.swift; path = DatabaseManager.swift; sourceTree = "<group>"; };
		686C77D0377AC26F411589AE /* Pods_Messenger.framework */ = {isa = PBXFileReference; explicitFileType = wrapper.framework; includeInIndex = 0; path = Pods_Messenger.framework; sourceTree = BUILT_PRODUCTS_DIR; };
		7C69484AC2A350C8EA8D6D35 /* Pods-Messenger.debug.xcconfig */ = {isa = PBXFileReference; includeInIndex = 1; lastKnownFileType = text.xcconfig; name = "Pods-Messenger.debug.xcconfig"; path = "Target Support Files/Pods-Messenger/Pods-Messenger.debug.xcconfig"; sourceTree = "<group>"; };
/* End PBXFileReference section */

/* Begin PBXFrameworksBuildPhase section */
		421257CE28CF769700E1E8EA /* Frameworks */ = {
			isa = PBXFrameworksBuildPhase;
			buildActionMask = 2147483647;
			files = (
				ABE9807710B73DC44A7CC93C /* Pods_Messenger.framework in Frameworks */,
			);
			runOnlyForDeploymentPostprocessing = 0;
		};
/* End PBXFrameworksBuildPhase section */

/* Begin PBXGroup section */
		421257C828CF769700E1E8EA = {
			isa = PBXGroup;
			children = (
				421257D328CF769700E1E8EA /* Messenger */,
				421257D228CF769700E1E8EA /* Products */,
				FCB0B3916C86250102588449 /* Pods */,
				76A7845602B28663241ECF52 /* Frameworks */,
			);
			sourceTree = "<group>";
		};
		421257D228CF769700E1E8EA /* Products */ = {
			isa = PBXGroup;
			children = (
				421257D128CF769700E1E8EA /* Messenger.app */,
			);
			name = Products;
			sourceTree = "<group>";
		};
		421257D328CF769700E1E8EA /* Messenger */ = {
			isa = PBXGroup;
			children = (
				4289A2EA28D4DBC8006B02A0 /* Messenger.entitlements */,
				421257EB28CF77C400E1E8EA /* Resources */,
				421257EA28CF77B300E1E8EA /* ViewsModels */,
				421257E928CF77AE00E1E8EA /* Views */,
				421257E828CF779D00E1E8EA /* Controllers */,
			);
			path = Messenger;
			sourceTree = "<group>";
		};
		421257E828CF779D00E1E8EA /* Controllers */ = {
			isa = PBXGroup;
			children = (
				421257D828CF769700E1E8EA /* ConverstationsViewController.swift */,
				421257FA28CF7A7100E1E8EA /* Login & Register VC */,
				421257F228CF796900E1E8EA /* PhotoViewerViewController.swift */,
				421257F428CF797800E1E8EA /* VideoPlayerViewController.swift */,
				421257F628CF79A000E1E8EA /* NewConversationViewController.swift */,
				421257F828CF79B700E1E8EA /* ProfileViewController.swift */,
				4204663828D8986800F3DCBD /* ChatViewController.swift */,
			);
			path = Controllers;
			sourceTree = "<group>";
		};
		421257E928CF77AE00E1E8EA /* Views */ = {
			isa = PBXGroup;
			children = (
				421257EC28CF784600E1E8EA /* Storyboard */,
			);
			path = Views;
			sourceTree = "<group>";
		};
		421257EA28CF77B300E1E8EA /* ViewsModels */ = {
			isa = PBXGroup;
			children = (
			);
			path = ViewsModels;
			sourceTree = "<group>";
		};
		421257EB28CF77C400E1E8EA /* Resources */ = {
			isa = PBXGroup;
			children = (
				42B58F2428D4720C002289EE /* GoogleService-Info.plist */,
				421257ED28CF785E00E1E8EA /* Delegate */,
				421257DD28CF769800E1E8EA /* Assets.xcassets */,
				421257E228CF769800E1E8EA /* Info.plist */,
				421257FB28CF813900E1E8EA /* Extensions.swift */,
				42B58F2628D475DF002289EE /* DatabaseManager.swift */,
				422218AC28D99D64006455FC /* StorageManager.swift */,
			);
			path = Resources;
			sourceTree = "<group>";
		};
		421257EC28CF784600E1E8EA /* Storyboard */ = {
			isa = PBXGroup;
			children = (
				421257DA28CF769700E1E8EA /* Main.storyboard */,
				421257DF28CF769800E1E8EA /* LaunchScreen.storyboard */,
			);
			path = Storyboard;
			sourceTree = "<group>";
		};
		421257ED28CF785E00E1E8EA /* Delegate */ = {
			isa = PBXGroup;
			children = (
				421257D428CF769700E1E8EA /* AppDelegate.swift */,
				421257D628CF769700E1E8EA /* SceneDelegate.swift */,
			);
			path = Delegate;
			sourceTree = "<group>";
		};
		421257FA28CF7A7100E1E8EA /* Login & Register VC */ = {
			isa = PBXGroup;
			children = (
				421257EE28CF794200E1E8EA /* LoginViewController.swift */,
				421257F028CF794800E1E8EA /* RegisterViewController.swift */,
			);
			path = "Login & Register VC";
			sourceTree = "<group>";
		};
		76A7845602B28663241ECF52 /* Frameworks */ = {
			isa = PBXGroup;
			children = (
				686C77D0377AC26F411589AE /* Pods_Messenger.framework */,
			);
			name = Frameworks;
			sourceTree = "<group>";
		};
		FCB0B3916C86250102588449 /* Pods */ = {
			isa = PBXGroup;
			children = (
				7C69484AC2A350C8EA8D6D35 /* Pods-Messenger.debug.xcconfig */,
				10A286C68D97C9CBD3734DC4 /* Pods-Messenger.release.xcconfig */,
			);
			path = Pods;
			sourceTree = "<group>";
		};
/* End PBXGroup section */

/* Begin PBXNativeTarget section */
		421257D028CF769700E1E8EA /* Messenger */ = {
			isa = PBXNativeTarget;
			buildConfigurationList = 421257E528CF769800E1E8EA /* Build configuration list for PBXNativeTarget "Messenger" */;
			buildPhases = (
				90BDF6EFC1DD434608261E39 /* [CP] Check Pods Manifest.lock */,
				421257CD28CF769700E1E8EA /* Sources */,
				421257CE28CF769700E1E8EA /* Frameworks */,
				421257CF28CF769700E1E8EA /* Resources */,
				50B9AC4711D57164B6DBA7A6 /* [CP] Embed Pods Frameworks */,
			);
			buildRules = (
			);
			dependencies = (
			);
			name = Messenger;
			productName = Messenger;
			productReference = 421257D128CF769700E1E8EA /* Messenger.app */;
			productType = "com.apple.product-type.application";
		};
/* End PBXNativeTarget section */

/* Begin PBXProject section */
		421257C928CF769700E1E8EA /* Project object */ = {
			isa = PBXProject;
			attributes = {
				BuildIndependentTargetsInParallel = 1;
				LastSwiftUpdateCheck = 1340;
				LastUpgradeCheck = 1340;
				TargetAttributes = {
					421257D028CF769700E1E8EA = {
						CreatedOnToolsVersion = 13.4.1;
					};
				};
			};
			buildConfigurationList = 421257CC28CF769700E1E8EA /* Build configuration list for PBXProject "Messenger" */;
			compatibilityVersion = "Xcode 13.0";
			developmentRegion = en;
			hasScannedForEncodings = 0;
			knownRegions = (
				en,
				Base,
			);
			mainGroup = 421257C828CF769700E1E8EA;
			productRefGroup = 421257D228CF769700E1E8EA /* Products */;
			projectDirPath = "";
			projectRoot = "";
			targets = (
				421257D028CF769700E1E8EA /* Messenger */,
			);
		};
/* End PBXProject section */

/* Begin PBXResourcesBuildPhase section */
		421257CF28CF769700E1E8EA /* Resources */ = {
			isa = PBXResourcesBuildPhase;
			buildActionMask = 2147483647;
			files = (
				421257E128CF769800E1E8EA /* LaunchScreen.storyboard in Resources */,
				42B58F2528D4720C002289EE /* GoogleService-Info.plist in Resources */,
				421257DE28CF769800E1E8EA /* Assets.xcassets in Resources */,
				421257DC28CF769700E1E8EA /* Main.storyboard in Resources */,
			);
			runOnlyForDeploymentPostprocessing = 0;
		};
/* End PBXResourcesBuildPhase section */

/* Begin PBXShellScriptBuildPhase section */
		50B9AC4711D57164B6DBA7A6 /* [CP] Embed Pods Frameworks */ = {
			isa = PBXShellScriptBuildPhase;
			buildActionMask = 2147483647;
			files = (
			);
			inputFileListPaths = (
				"${PODS_ROOT}/Target Support Files/Pods-Messenger/Pods-Messenger-frameworks-${CONFIGURATION}-input-files.xcfilelist",
			);
			name = "[CP] Embed Pods Frameworks";
			outputFileListPaths = (
				"${PODS_ROOT}/Target Support Files/Pods-Messenger/Pods-Messenger-frameworks-${CONFIGURATION}-output-files.xcfilelist",
			);
			runOnlyForDeploymentPostprocessing = 0;
			shellPath = /bin/sh;
			shellScript = "\"${PODS_ROOT}/Target Support Files/Pods-Messenger/Pods-Messenger-frameworks.sh\"\n";
			showEnvVarsInLog = 0;
		};
		90BDF6EFC1DD434608261E39 /* [CP] Check Pods Manifest.lock */ = {
			isa = PBXShellScriptBuildPhase;
			buildActionMask = 2147483647;
			files = (
			);
			inputFileListPaths = (
			);
			inputPaths = (
				"${PODS_PODFILE_DIR_PATH}/Podfile.lock",
				"${PODS_ROOT}/Manifest.lock",
			);
			name = "[CP] Check Pods Manifest.lock";
			outputFileListPaths = (
			);
			outputPaths = (
				"$(DERIVED_FILE_DIR)/Pods-Messenger-checkManifestLockResult.txt",
			);
			runOnlyForDeploymentPostprocessing = 0;
			shellPath = /bin/sh;
			shellScript = "diff \"${PODS_PODFILE_DIR_PATH}/Podfile.lock\" \"${PODS_ROOT}/Manifest.lock\" > /dev/null\nif [ $? != 0 ] ; then\n    # print error to STDERR\n    echo \"error: The sandbox is not in sync with the Podfile.lock. Run 'pod install' or update your CocoaPods installation.\" >&2\n    exit 1\nfi\n# This output is used by Xcode 'outputs' to avoid re-running this script phase.\necho \"SUCCESS\" > \"${SCRIPT_OUTPUT_FILE_0}\"\n";
			showEnvVarsInLog = 0;
		};
/* End PBXShellScriptBuildPhase section */

/* Begin PBXSourcesBuildPhase section */
		421257CD28CF769700E1E8EA /* Sources */ = {
			isa = PBXSourcesBuildPhase;
			buildActionMask = 2147483647;
			files = (
				421257EF28CF794200E1E8EA /* LoginViewController.swift in Sources */,
				42B58F2728D475DF002289EE /* DatabaseManager.swift in Sources */,
				421257F128CF794800E1E8EA /* RegisterViewController.swift in Sources */,
				421257D928CF769700E1E8EA /* ConverstationsViewController.swift in Sources */,
				421257F528CF797800E1E8EA /* VideoPlayerViewController.swift in Sources */,
				421257D528CF769700E1E8EA /* AppDelegate.swift in Sources */,
				421257FC28CF813900E1E8EA /* Extensions.swift in Sources */,
				421257D728CF769700E1E8EA /* SceneDelegate.swift in Sources */,
				421257F928CF79B700E1E8EA /* ProfileViewController.swift in Sources */,
				421257F328CF796900E1E8EA /* PhotoViewerViewController.swift in Sources */,
				4204663928D8986800F3DCBD /* ChatViewController.swift in Sources */,
				421257F728CF79A000E1E8EA /* NewConversationViewController.swift in Sources */,
				422218AD28D99D64006455FC /* StorageManager.swift in Sources */,
			);
			runOnlyForDeploymentPostprocessing = 0;
		};
/* End PBXSourcesBuildPhase section */

/* Begin PBXVariantGroup section */
		421257DA28CF769700E1E8EA /* Main.storyboard */ = {
			isa = PBXVariantGroup;
			children = (
				421257DB28CF769700E1E8EA /* Base */,
			);
			name = Main.storyboard;
			sourceTree = "<group>";
		};
		421257DF28CF769800E1E8EA /* LaunchScreen.storyboard */ = {
			isa = PBXVariantGroup;
			children = (
				421257E028CF769800E1E8EA /* Base */,
			);
			name = LaunchScreen.storyboard;
			sourceTree = "<group>";
		};
/* End PBXVariantGroup section */

/* Begin XCBuildConfiguration section */
		421257E328CF769800E1E8EA /* Debug */ = {
			isa = XCBuildConfiguration;
			buildSettings = {
				ALWAYS_SEARCH_USER_PATHS = NO;
				CLANG_ANALYZER_NONNULL = YES;
				CLANG_ANALYZER_NUMBER_OBJECT_CONVERSION = YES_AGGRESSIVE;
				CLANG_CXX_LANGUAGE_STANDARD = "gnu++17";
				CLANG_ENABLE_MODULES = YES;
				CLANG_ENABLE_OBJC_ARC = YES;
				CLANG_ENABLE_OBJC_WEAK = YES;
				CLANG_WARN_BLOCK_CAPTURE_AUTORELEASING = YES;
				CLANG_WARN_BOOL_CONVERSION = YES;
				CLANG_WARN_COMMA = YES;
				CLANG_WARN_CONSTANT_CONVERSION = YES;
				CLANG_WARN_DEPRECATED_OBJC_IMPLEMENTATIONS = YES;
				CLANG_WARN_DIRECT_OBJC_ISA_USAGE = YES_ERROR;
				CLANG_WARN_DOCUMENTATION_COMMENTS = YES;
				CLANG_WARN_EMPTY_BODY = YES;
				CLANG_WARN_ENUM_CONVERSION = YES;
				CLANG_WARN_INFINITE_RECURSION = YES;
				CLANG_WARN_INT_CONVERSION = YES;
				CLANG_WARN_NON_LITERAL_NULL_CONVERSION = YES;
				CLANG_WARN_OBJC_IMPLICIT_RETAIN_SELF = YES;
				CLANG_WARN_OBJC_LITERAL_CONVERSION = YES;
				CLANG_WARN_OBJC_ROOT_CLASS = YES_ERROR;
				CLANG_WARN_QUOTED_INCLUDE_IN_FRAMEWORK_HEADER = YES;
				CLANG_WARN_RANGE_LOOP_ANALYSIS = YES;
				CLANG_WARN_STRICT_PROTOTYPES = YES;
				CLANG_WARN_SUSPICIOUS_MOVE = YES;
				CLANG_WARN_UNGUARDED_AVAILABILITY = YES_AGGRESSIVE;
				CLANG_WARN_UNREACHABLE_CODE = YES;
				CLANG_WARN__DUPLICATE_METHOD_MATCH = YES;
				COPY_PHASE_STRIP = NO;
				DEBUG_INFORMATION_FORMAT = dwarf;
				ENABLE_STRICT_OBJC_MSGSEND = YES;
				ENABLE_TESTABILITY = YES;
				GCC_C_LANGUAGE_STANDARD = gnu11;
				GCC_DYNAMIC_NO_PIC = NO;
				GCC_NO_COMMON_BLOCKS = YES;
				GCC_OPTIMIZATION_LEVEL = 0;
				GCC_PREPROCESSOR_DEFINITIONS = (
					"DEBUG=1",
					"$(inherited)",
				);
				GCC_WARN_64_TO_32_BIT_CONVERSION = YES;
				GCC_WARN_ABOUT_RETURN_TYPE = YES_ERROR;
				GCC_WARN_UNDECLARED_SELECTOR = YES;
				GCC_WARN_UNINITIALIZED_AUTOS = YES_AGGRESSIVE;
				GCC_WARN_UNUSED_FUNCTION = YES;
				GCC_WARN_UNUSED_VARIABLE = YES;
				IPHONEOS_DEPLOYMENT_TARGET = 15.5;
				MTL_ENABLE_DEBUG_INFO = INCLUDE_SOURCE;
				MTL_FAST_MATH = YES;
				ONLY_ACTIVE_ARCH = YES;
				SDKROOT = iphoneos;
				SWIFT_ACTIVE_COMPILATION_CONDITIONS = DEBUG;
				SWIFT_OPTIMIZATION_LEVEL = "-Onone";
			};
			name = Debug;
		};
		421257E428CF769800E1E8EA /* Release */ = {
			isa = XCBuildConfiguration;
			buildSettings = {
				ALWAYS_SEARCH_USER_PATHS = NO;
				CLANG_ANALYZER_NONNULL = YES;
				CLANG_ANALYZER_NUMBER_OBJECT_CONVERSION = YES_AGGRESSIVE;
				CLANG_CXX_LANGUAGE_STANDARD = "gnu++17";
				CLANG_ENABLE_MODULES = YES;
				CLANG_ENABLE_OBJC_ARC = YES;
				CLANG_ENABLE_OBJC_WEAK = YES;
				CLANG_WARN_BLOCK_CAPTURE_AUTORELEASING = YES;
				CLANG_WARN_BOOL_CONVERSION = YES;
				CLANG_WARN_COMMA = YES;
				CLANG_WARN_CONSTANT_CONVERSION = YES;
				CLANG_WARN_DEPRECATED_OBJC_IMPLEMENTATIONS = YES;
				CLANG_WARN_DIRECT_OBJC_ISA_USAGE = YES_ERROR;
				CLANG_WARN_DOCUMENTATION_COMMENTS = YES;
				CLANG_WARN_EMPTY_BODY = YES;
				CLANG_WARN_ENUM_CONVERSION = YES;
				CLANG_WARN_INFINITE_RECURSION = YES;
				CLANG_WARN_INT_CONVERSION = YES;
				CLANG_WARN_NON_LITERAL_NULL_CONVERSION = YES;
				CLANG_WARN_OBJC_IMPLICIT_RETAIN_SELF = YES;
				CLANG_WARN_OBJC_LITERAL_CONVERSION = YES;
				CLANG_WARN_OBJC_ROOT_CLASS = YES_ERROR;
				CLANG_WARN_QUOTED_INCLUDE_IN_FRAMEWORK_HEADER = YES;
				CLANG_WARN_RANGE_LOOP_ANALYSIS = YES;
				CLANG_WARN_STRICT_PROTOTYPES = YES;
				CLANG_WARN_SUSPICIOUS_MOVE = YES;
				CLANG_WARN_UNGUARDED_AVAILABILITY = YES_AGGRESSIVE;
				CLANG_WARN_UNREACHABLE_CODE = YES;
				CLANG_WARN__DUPLICATE_METHOD_MATCH = YES;
				COPY_PHASE_STRIP = NO;
				DEBUG_INFORMATION_FORMAT = "dwarf-with-dsym";
				ENABLE_NS_ASSERTIONS = NO;
				ENABLE_STRICT_OBJC_MSGSEND = YES;
				GCC_C_LANGUAGE_STANDARD = gnu11;
				GCC_NO_COMMON_BLOCKS = YES;
				GCC_WARN_64_TO_32_BIT_CONVERSION = YES;
				GCC_WARN_ABOUT_RETURN_TYPE = YES_ERROR;
				GCC_WARN_UNDECLARED_SELECTOR = YES;
				GCC_WARN_UNINITIALIZED_AUTOS = YES_AGGRESSIVE;
				GCC_WARN_UNUSED_FUNCTION = YES;
				GCC_WARN_UNUSED_VARIABLE = YES;
				IPHONEOS_DEPLOYMENT_TARGET = 15.5;
				MTL_ENABLE_DEBUG_INFO = NO;
				MTL_FAST_MATH = YES;
				SDKROOT = iphoneos;
				SWIFT_COMPILATION_MODE = wholemodule;
				SWIFT_OPTIMIZATION_LEVEL = "-O";
				VALIDATE_PRODUCT = YES;
			};
			name = Release;
		};
		421257E628CF769800E1E8EA /* Debug */ = {
			isa = XCBuildConfiguration;
			baseConfigurationReference = 7C69484AC2A350C8EA8D6D35 /* Pods-Messenger.debug.xcconfig */;
			buildSettings = {
				ASSETCATALOG_COMPILER_APPICON_NAME = AppIcon;
				ASSETCATALOG_COMPILER_GLOBAL_ACCENT_COLOR_NAME = AccentColor;
				CODE_SIGN_ENTITLEMENTS = Messenger/Messenger.entitlements;
				CODE_SIGN_STYLE = Automatic;
				CURRENT_PROJECT_VERSION = 1;
				GENERATE_INFOPLIST_FILE = YES;
				INFOPLIST_FILE = Messenger/Resources/Info.plist;
				INFOPLIST_KEY_NSCameraUsageDescription = "Please allow access to a profile picture";
				INFOPLIST_KEY_NSPhotoLibraryAddUsageDescription = "Please allow access to select a photo for your profile";
				INFOPLIST_KEY_UIApplicationSupportsIndirectInputEvents = YES;
				INFOPLIST_KEY_UILaunchStoryboardName = LaunchScreen;
				INFOPLIST_KEY_UIMainStoryboardFile = Main;
				INFOPLIST_KEY_UISupportedInterfaceOrientations = UIInterfaceOrientationPortrait;
				INFOPLIST_KEY_UISupportedInterfaceOrientations_iPad = "UIInterfaceOrientationPortrait UIInterfaceOrientationPortraitUpsideDown UIInterfaceOrientationLandscapeLeft UIInterfaceOrientationLandscapeRight";
				INFOPLIST_KEY_UISupportedInterfaceOrientations_iPhone = "UIInterfaceOrientationPortrait UIInterfaceOrientationLandscapeLeft UIInterfaceOrientationLandscapeRight";
				LD_RUNPATH_SEARCH_PATHS = (
					"$(inherited)",
					"@executable_path/Frameworks",
				);
				MARKETING_VERSION = 1.0;
				PRODUCT_BUNDLE_IDENTIFIER = com.mrgsdev.Messenger;
				PRODUCT_NAME = "$(TARGET_NAME)";
				SWIFT_EMIT_LOC_STRINGS = YES;
				SWIFT_VERSION = 5.0;
				TARGETED_DEVICE_FAMILY = "1,2";
			};
			name = Debug;
		};
		421257E728CF769800E1E8EA /* Release */ = {
			isa = XCBuildConfiguration;
			baseConfigurationReference = 10A286C68D97C9CBD3734DC4 /* Pods-Messenger.release.xcconfig */;
			buildSettings = {
				ASSETCATALOG_COMPILER_APPICON_NAME = AppIcon;
				ASSETCATALOG_COMPILER_GLOBAL_ACCENT_COLOR_NAME = AccentColor;
				CODE_SIGN_ENTITLEMENTS = Messenger/Messenger.entitlements;
				CODE_SIGN_STYLE = Automatic;
				CURRENT_PROJECT_VERSION = 1;
				GENERATE_INFOPLIST_FILE = YES;
				INFOPLIST_FILE = Messenger/Resources/Info.plist;
				INFOPLIST_KEY_NSCameraUsageDescription = "Please allow access to a profile picture";
				INFOPLIST_KEY_NSPhotoLibraryAddUsageDescription = "Please allow access to select a photo for your profile";
				INFOPLIST_KEY_UIApplicationSupportsIndirectInputEvents = YES;
				INFOPLIST_KEY_UILaunchStoryboardName = LaunchScreen;
				INFOPLIST_KEY_UIMainStoryboardFile = Main;
				INFOPLIST_KEY_UISupportedInterfaceOrientations = UIInterfaceOrientationPortrait;
				INFOPLIST_KEY_UISupportedInterfaceOrientations_iPad = "UIInterfaceOrientationPortrait UIInterfaceOrientationPortraitUpsideDown UIInterfaceOrientationLandscapeLeft UIInterfaceOrientationLandscapeRight";
				INFOPLIST_KEY_UISupportedInterfaceOrientations_iPhone = "UIInterfaceOrientationPortrait UIInterfaceOrientationLandscapeLeft UIInterfaceOrientationLandscapeRight";
				LD_RUNPATH_SEARCH_PATHS = (
					"$(inherited)",
					"@executable_path/Frameworks",
				);
				MARKETING_VERSION = 1.0;
				PRODUCT_BUNDLE_IDENTIFIER = com.mrgsdev.Messenger;
				PRODUCT_NAME = "$(TARGET_NAME)";
				SWIFT_EMIT_LOC_STRINGS = YES;
				SWIFT_VERSION = 5.0;
				TARGETED_DEVICE_FAMILY = "1,2";
			};
			name = Release;
		};
/* End XCBuildConfiguration section */

/* Begin XCConfigurationList section */
		421257CC28CF769700E1E8EA /* Build configuration list for PBXProject "Messenger" */ = {
			isa = XCConfigurationList;
			buildConfigurations = (
				421257E328CF769800E1E8EA /* Debug */,
				421257E428CF769800E1E8EA /* Release */,
			);
			defaultConfigurationIsVisible = 0;
			defaultConfigurationName = Release;
		};
		421257E528CF769800E1E8EA /* Build configuration list for PBXNativeTarget "Messenger" */ = {
			isa = XCConfigurationList;
			buildConfigurations = (
				421257E628CF769800E1E8EA /* Debug */,
				421257E728CF769800E1E8EA /* Release */,
			);
			defaultConfigurationIsVisible = 0;
			defaultConfigurationName = Release;
		};
/* End XCConfigurationList section */
	};
	rootObject = 421257C928CF769700E1E8EA /* Project object */;
}
